// !$*UTF8*$!
{
	archiveVersion = 1;
	classes = {
	};
	objectVersion = 50;
	objects = {

/* Begin PBXBuildFile section */
		061A8D38256E2FC7008BFC49 /* AppDelegate.swift in Sources */ = {isa = PBXBuildFile; fileRef = 061A8D37256E2FC7008BFC49 /* AppDelegate.swift */; };
		061A8D3A256E2FC7008BFC49 /* SceneDelegate.swift in Sources */ = {isa = PBXBuildFile; fileRef = 061A8D39256E2FC7008BFC49 /* SceneDelegate.swift */; };
		061A8D3C256E2FC7008BFC49 /* ViewController.swift in Sources */ = {isa = PBXBuildFile; fileRef = 061A8D3B256E2FC7008BFC49 /* ViewController.swift */; };
		061A8D3F256E2FC7008BFC49 /* Main.storyboard in Resources */ = {isa = PBXBuildFile; fileRef = 061A8D3D256E2FC7008BFC49 /* Main.storyboard */; };
		061A8D41256E2FC8008BFC49 /* Assets.xcassets in Resources */ = {isa = PBXBuildFile; fileRef = 061A8D40256E2FC8008BFC49 /* Assets.xcassets */; };
		061A8D44256E2FC8008BFC49 /* LaunchScreen.storyboard in Resources */ = {isa = PBXBuildFile; fileRef = 061A8D42256E2FC8008BFC49 /* LaunchScreen.storyboard */; };
		061A8D4F256E2FC9008BFC49 /* tipTests.swift in Sources */ = {isa = PBXBuildFile; fileRef = 061A8D4E256E2FC9008BFC49 /* tipTests.swift */; };
		061A8D5A256E2FC9008BFC49 /* tipUITests.swift in Sources */ = {isa = PBXBuildFile; fileRef = 061A8D59256E2FC9008BFC49 /* tipUITests.swift */; };
/* End PBXBuildFile section */

/* Begin PBXContainerItemProxy section */
		061A8D4B256E2FC9008BFC49 /* PBXContainerItemProxy */ = {
			isa = PBXContainerItemProxy;
			containerPortal = 061A8D2C256E2FC7008BFC49 /* Project object */;
			proxyType = 1;
			remoteGlobalIDString = 061A8D33256E2FC7008BFC49;
			remoteInfo = tip;
		};
		061A8D56256E2FC9008BFC49 /* PBXContainerItemProxy */ = {
			isa = PBXContainerItemProxy;
			containerPortal = 061A8D2C256E2FC7008BFC49 /* Project object */;
			proxyType = 1;
			remoteGlobalIDString = 061A8D33256E2FC7008BFC49;
			remoteInfo = tip;
		};
/* End PBXContainerItemProxy section */

/* Begin PBXFileReference section */
		061A8D34256E2FC7008BFC49 /* tip.app */ = {isa = PBXFileReference; explicitFileType = wrapper.application; includeInIndex = 0; path = tip.app; sourceTree = BUILT_PRODUCTS_DIR; };
		061A8D37256E2FC7008BFC49 /* AppDelegate.swift */ = {isa = PBXFileReference; lastKnownFileType = sourcecode.swift; path = AppDelegate.swift; sourceTree = "<group>"; };
		061A8D39256E2FC7008BFC49 /* SceneDelegate.swift */ = {isa = PBXFileReference; lastKnownFileType = sourcecode.swift; path = SceneDelegate.swift; sourceTree = "<group>"; };
		061A8D3B256E2FC7008BFC49 /* ViewController.swift */ = {isa = PBXFileReference; lastKnownFileType = sourcecode.swift; path = ViewController.swift; sourceTree = "<group>"; };
		061A8D3E256E2FC7008BFC49 /* Base */ = {isa = PBXFileReference; lastKnownFileType = file.storyboard; name = Base; path = Base.lproj/Main.storyboard; sourceTree = "<group>"; };
		061A8D40256E2FC8008BFC49 /* Assets.xcassets */ = {isa = PBXFileReference; lastKnownFileType = folder.assetcatalog; path = Assets.xcassets; sourceTree = "<group>"; };
		061A8D43256E2FC8008BFC49 /* Base */ = {isa = PBXFileReference; lastKnownFileType = file.storyboard; name = Base; path = Base.lproj/LaunchScreen.storyboard; sourceTree = "<group>"; };
		061A8D45256E2FC8008BFC49 /* Info.plist */ = {isa = PBXFileReference; lastKnownFileType = text.plist.xml; path = Info.plist; sourceTree = "<group>"; };
		061A8D4A256E2FC9008BFC49 /* tipTests.xctest */ = {isa = PBXFileReference; explicitFileType = wrapper.cfbundle; includeInIndex = 0; path = tipTests.xctest; sourceTree = BUILT_PRODUCTS_DIR; };
		061A8D4E256E2FC9008BFC49 /* tipTests.swift */ = {isa = PBXFileReference; lastKnownFileType = sourcecode.swift; path = tipTests.swift; sourceTree = "<group>"; };
		061A8D50256E2FC9008BFC49 /* Info.plist */ = {isa = PBXFileReference; lastKnownFileType = text.plist.xml; path = Info.plist; sourceTree = "<group>"; };
		061A8D55256E2FC9008BFC49 /* tipUITests.xctest */ = {isa = PBXFileReference; explicitFileType = wrapper.cfbundle; includeInIndex = 0; path = tipUITests.xctest; sourceTree = BUILT_PRODUCTS_DIR; };
		061A8D59256E2FC9008BFC49 /* tipUITests.swift */ = {isa = PBXFileReference; lastKnownFileType = sourcecode.swift; path = tipUITests.swift; sourceTree = "<group>"; };
		061A8D5B256E2FC9008BFC49 /* Info.plist */ = {isa = PBXFileReference; lastKnownFileType = text.plist.xml; path = Info.plist; sourceTree = "<group>"; };
/* End PBXFileReference section */

/* Begin PBXFrameworksBuildPhase section */
		061A8D31256E2FC7008BFC49 /* Frameworks */ = {
			isa = PBXFrameworksBuildPhase;
			buildActionMask = 2147483647;
			files = (
			);
			runOnlyForDeploymentPostprocessing = 0;
		};
		061A8D47256E2FC9008BFC49 /* Frameworks */ = {
			isa = PBXFrameworksBuildPhase;
			buildActionMask = 2147483647;
			files = (
			);
			runOnlyForDeploymentPostprocessing = 0;
		};
		061A8D52256E2FC9008BFC49 /* Frameworks */ = {
			isa = PBXFrameworksBuildPhase;
			buildActionMask = 2147483647;
			files = (
			);
			runOnlyForDeploymentPostprocessing = 0;
		};
/* End PBXFrameworksBuildPhase section */

/* Begin PBXGroup section */
		061A8D2B256E2FC7008BFC49 = {
			isa = PBXGroup;
			children = (
				061A8D36256E2FC7008BFC49 /* tip */,
				061A8D4D256E2FC9008BFC49 /* tipTests */,
				061A8D58256E2FC9008BFC49 /* tipUITests */,
				061A8D35256E2FC7008BFC49 /* Products */,
			);
			sourceTree = "<group>";
		};
		061A8D35256E2FC7008BFC49 /* Products */ = {
			isa = PBXGroup;
			children = (
				061A8D34256E2FC7008BFC49 /* tip.app */,
				061A8D4A256E2FC9008BFC49 /* tipTests.xctest */,
				061A8D55256E2FC9008BFC49 /* tipUITests.xctest */,
			);
			name = Products;
			sourceTree = "<group>";
		};
		061A8D36256E2FC7008BFC49 /* tip */ = {
			isa = PBXGroup;
			children = (
				061A8D37256E2FC7008BFC49 /* AppDelegate.swift */,
				061A8D39256E2FC7008BFC49 /* SceneDelegate.swift */,
				061A8D3B256E2FC7008BFC49 /* ViewController.swift */,
				061A8D3D256E2FC7008BFC49 /* Main.storyboard */,
				061A8D40256E2FC8008BFC49 /* Assets.xcassets */,
				061A8D42256E2FC8008BFC49 /* LaunchScreen.storyboard */,
				061A8D45256E2FC8008BFC49 /* Info.plist */,
			);
			path = tip;
			sourceTree = "<group>";
		};
		061A8D4D256E2FC9008BFC49 /* tipTests */ = {
			isa = PBXGroup;
			children = (
				061A8D4E256E2FC9008BFC49 /* tipTests.swift */,
				061A8D50256E2FC9008BFC49 /* Info.plist */,
			);
			path = tipTests;
			sourceTree = "<group>";
		};
		061A8D58256E2FC9008BFC49 /* tipUITests */ = {
			isa = PBXGroup;
			children = (
				061A8D59256E2FC9008BFC49 /* tipUITests.swift */,
				061A8D5B256E2FC9008BFC49 /* Info.plist */,
			);
			path = tipUITests;
			sourceTree = "<group>";
		};
/* End PBXGroup section */

/* Begin PBXNativeTarget section */
		061A8D33256E2FC7008BFC49 /* tip */ = {
			isa = PBXNativeTarget;
			buildConfigurationList = 061A8D5E256E2FC9008BFC49 /* Build configuration list for PBXNativeTarget "tip" */;
			buildPhases = (
				061A8D30256E2FC7008BFC49 /* Sources */,
				061A8D31256E2FC7008BFC49 /* Frameworks */,
				061A8D32256E2FC7008BFC49 /* Resources */,
			);
			buildRules = (
			);
			dependencies = (
			);
			name = tip;
			productName = tip;
			productReference = 061A8D34256E2FC7008BFC49 /* tip.app */;
			productType = "com.apple.product-type.application";
		};
		061A8D49256E2FC9008BFC49 /* tipTests */ = {
			isa = PBXNativeTarget;
			buildConfigurationList = 061A8D61256E2FC9008BFC49 /* Build configuration list for PBXNativeTarget "tipTests" */;
			buildPhases = (
				061A8D46256E2FC9008BFC49 /* Sources */,
				061A8D47256E2FC9008BFC49 /* Frameworks */,
				061A8D48256E2FC9008BFC49 /* Resources */,
			);
			buildRules = (
			);
			dependencies = (
				061A8D4C256E2FC9008BFC49 /* PBXTargetDependency */,
			);
			name = tipTests;
			productName = tipTests;
			productReference = 061A8D4A256E2FC9008BFC49 /* tipTests.xctest */;
			productType = "com.apple.product-type.bundle.unit-test";
		};
		061A8D54256E2FC9008BFC49 /* tipUITests */ = {
			isa = PBXNativeTarget;
			buildConfigurationList = 061A8D64256E2FC9008BFC49 /* Build configuration list for PBXNativeTarget "tipUITests" */;
			buildPhases = (
				061A8D51256E2FC9008BFC49 /* Sources */,
				061A8D52256E2FC9008BFC49 /* Frameworks */,
				061A8D53256E2FC9008BFC49 /* Resources */,
			);
			buildRules = (
			);
			dependencies = (
				061A8D57256E2FC9008BFC49 /* PBXTargetDependency */,
			);
			name = tipUITests;
			productName = tipUITests;
			productReference = 061A8D55256E2FC9008BFC49 /* tipUITests.xctest */;
			productType = "com.apple.product-type.bundle.ui-testing";
		};
/* End PBXNativeTarget section */

/* Begin PBXProject section */
		061A8D2C256E2FC7008BFC49 /* Project object */ = {
			isa = PBXProject;
			attributes = {
				LastSwiftUpdateCheck = 1220;
				LastUpgradeCheck = 1220;
				TargetAttributes = {
					061A8D33256E2FC7008BFC49 = {
						CreatedOnToolsVersion = 12.2;
					};
					061A8D49256E2FC9008BFC49 = {
						CreatedOnToolsVersion = 12.2;
						TestTargetID = 061A8D33256E2FC7008BFC49;
					};
					061A8D54256E2FC9008BFC49 = {
						CreatedOnToolsVersion = 12.2;
						TestTargetID = 061A8D33256E2FC7008BFC49;
					};
				};
			};
			buildConfigurationList = 061A8D2F256E2FC7008BFC49 /* Build configuration list for PBXProject "tip" */;
			compatibilityVersion = "Xcode 9.3";
			developmentRegion = en;
			hasScannedForEncodings = 0;
			knownRegions = (
				en,
				Base,
			);
			mainGroup = 061A8D2B256E2FC7008BFC49;
			productRefGroup = 061A8D35256E2FC7008BFC49 /* Products */;
			projectDirPath = "";
			projectRoot = "";
			targets = (
				061A8D33256E2FC7008BFC49 /* tip */,
				061A8D49256E2FC9008BFC49 /* tipTests */,
				061A8D54256E2FC9008BFC49 /* tipUITests */,
			);
		};
/* End PBXProject section */

/* Begin PBXResourcesBuildPhase section */
		061A8D32256E2FC7008BFC49 /* Resources */ = {
			isa = PBXResourcesBuildPhase;
			buildActionMask = 2147483647;
			files = (
				061A8D44256E2FC8008BFC49 /* LaunchScreen.storyboard in Resources */,
				061A8D41256E2FC8008BFC49 /* Assets.xcassets in Resources */,
				061A8D3F256E2FC7008BFC49 /* Main.storyboard in Resources */,
			);
			runOnlyForDeploymentPostprocessing = 0;
		};
		061A8D48256E2FC9008BFC49 /* Resources */ = {
			isa = PBXResourcesBuildPhase;
			buildActionMask = 2147483647;
			files = (
			);
			runOnlyForDeploymentPostprocessing = 0;
		};
		061A8D53256E2FC9008BFC49 /* Resources */ = {
			isa = PBXResourcesBuildPhase;
			buildActionMask = 2147483647;
			files = (
			);
			runOnlyForDeploymentPostprocessing = 0;
		};
/* End PBXResourcesBuildPhase section */

/* Begin PBXSourcesBuildPhase section */
		061A8D30256E2FC7008BFC49 /* Sources */ = {
			isa = PBXSourcesBuildPhase;
			buildActionMask = 2147483647;
			files = (
				061A8D3C256E2FC7008BFC49 /* ViewController.swift in Sources */,
				061A8D38256E2FC7008BFC49 /* AppDelegate.swift in Sources */,
				061A8D3A256E2FC7008BFC49 /* SceneDelegate.swift in Sources */,
			);
			runOnlyForDeploymentPostprocessing = 0;
		};
		061A8D46256E2FC9008BFC49 /* Sources */ = {
			isa = PBXSourcesBuildPhase;
			buildActionMask = 2147483647;
			files = (
				061A8D4F256E2FC9008BFC49 /* tipTests.swift in Sources */,
			);
			runOnlyForDeploymentPostprocessing = 0;
		};
		061A8D51256E2FC9008BFC49 /* Sources */ = {
			isa = PBXSourcesBuildPhase;
			buildActionMask = 2147483647;
			files = (
				061A8D5A256E2FC9008BFC49 /* tipUITests.swift in Sources */,
			);
			runOnlyForDeploymentPostprocessing = 0;
		};
/* End PBXSourcesBuildPhase section */

/* Begin PBXTargetDependency section */
		061A8D4C256E2FC9008BFC49 /* PBXTargetDependency */ = {
			isa = PBXTargetDependency;
			target = 061A8D33256E2FC7008BFC49 /* tip */;
			targetProxy = 061A8D4B256E2FC9008BFC49 /* PBXContainerItemProxy */;
		};
		061A8D57256E2FC9008BFC49 /* PBXTargetDependency */ = {
			isa = PBXTargetDependency;
			target = 061A8D33256E2FC7008BFC49 /* tip */;
			targetProxy = 061A8D56256E2FC9008BFC49 /* PBXContainerItemProxy */;
		};
/* End PBXTargetDependency section */

/* Begin PBXVariantGroup section */
		061A8D3D256E2FC7008BFC49 /* Main.storyboard */ = {
			isa = PBXVariantGroup;
			children = (
				061A8D3E256E2FC7008BFC49 /* Base */,
			);
			name = Main.storyboard;
			sourceTree = "<group>";
		};
		061A8D42256E2FC8008BFC49 /* LaunchScreen.storyboard */ = {
			isa = PBXVariantGroup;
			children = (
				061A8D43256E2FC8008BFC49 /* Base */,
			);
			name = LaunchScreen.storyboard;
			sourceTree = "<group>";
		};
/* End PBXVariantGroup section */

/* Begin XCBuildConfiguration section */
		061A8D5C256E2FC9008BFC49 /* Debug */ = {
			isa = XCBuildConfiguration;
			buildSettings = {
				ALWAYS_SEARCH_USER_PATHS = NO;
				CLANG_ANALYZER_NONNULL = YES;
				CLANG_ANALYZER_NUMBER_OBJECT_CONVERSION = YES_AGGRESSIVE;
				CLANG_CXX_LANGUAGE_STANDARD = "gnu++14";
				CLANG_CXX_LIBRARY = "libc++";
				CLANG_ENABLE_MODULES = YES;
				CLANG_ENABLE_OBJC_ARC = YES;
				CLANG_ENABLE_OBJC_WEAK = YES;
				CLANG_WARN_BLOCK_CAPTURE_AUTORELEASING = YES;
				CLANG_WARN_BOOL_CONVERSION = YES;
				CLANG_WARN_COMMA = YES;
				CLANG_WARN_CONSTANT_CONVERSION = YES;
				CLANG_WARN_DEPRECATED_OBJC_IMPLEMENTATIONS = YES;
				CLANG_WARN_DIRECT_OBJC_ISA_USAGE = YES_ERROR;
				CLANG_WARN_DOCUMENTATION_COMMENTS = YES;
				CLANG_WARN_EMPTY_BODY = YES;
				CLANG_WARN_ENUM_CONVERSION = YES;
				CLANG_WARN_INFINITE_RECURSION = YES;
				CLANG_WARN_INT_CONVERSION = YES;
				CLANG_WARN_NON_LITERAL_NULL_CONVERSION = YES;
				CLANG_WARN_OBJC_IMPLICIT_RETAIN_SELF = YES;
				CLANG_WARN_OBJC_LITERAL_CONVERSION = YES;
				CLANG_WARN_OBJC_ROOT_CLASS = YES_ERROR;
				CLANG_WARN_QUOTED_INCLUDE_IN_FRAMEWORK_HEADER = YES;
				CLANG_WARN_RANGE_LOOP_ANALYSIS = YES;
				CLANG_WARN_STRICT_PROTOTYPES = YES;
				CLANG_WARN_SUSPICIOUS_MOVE = YES;
				CLANG_WARN_UNGUARDED_AVAILABILITY = YES_AGGRESSIVE;
				CLANG_WARN_UNREACHABLE_CODE = YES;
				CLANG_WARN__DUPLICATE_METHOD_MATCH = YES;
				COPY_PHASE_STRIP = NO;
				DEBUG_INFORMATION_FORMAT = dwarf;
				ENABLE_STRICT_OBJC_MSGSEND = YES;
				ENABLE_TESTABILITY = YES;
				GCC_C_LANGUAGE_STANDARD = gnu11;
				GCC_DYNAMIC_NO_PIC = NO;
				GCC_NO_COMMON_BLOCKS = YES;
				GCC_OPTIMIZATION_LEVEL = 0;
				GCC_PREPROCESSOR_DEFINITIONS = (
					"DEBUG=1",
					"$(inherited)",
				);
				GCC_WARN_64_TO_32_BIT_CONVERSION = YES;
				GCC_WARN_ABOUT_RETURN_TYPE = YES_ERROR;
				GCC_WARN_UNDECLARED_SELECTOR = YES;
				GCC_WARN_UNINITIALIZED_AUTOS = YES_AGGRESSIVE;
				GCC_WARN_UNUSED_FUNCTION = YES;
				GCC_WARN_UNUSED_VARIABLE = YES;
				IPHONEOS_DEPLOYMENT_TARGET = 14.2;
				MTL_ENABLE_DEBUG_INFO = INCLUDE_SOURCE;
				MTL_FAST_MATH = YES;
				ONLY_ACTIVE_ARCH = YES;
				SDKROOT = iphoneos;
				SWIFT_ACTIVE_COMPILATION_CONDITIONS = DEBUG;
				SWIFT_OPTIMIZATION_LEVEL = "-Onone";
			};
			name = Debug;
		};
		061A8D5D256E2FC9008BFC49 /* Release */ = {
			isa = XCBuildConfiguration;
			buildSettings = {
				ALWAYS_SEARCH_USER_PATHS = NO;
				CLANG_ANALYZER_NONNULL = YES;
				CLANG_ANALYZER_NUMBER_OBJECT_CONVERSION = YES_AGGRESSIVE;
				CLANG_CXX_LANGUAGE_STANDARD = "gnu++14";
				CLANG_CXX_LIBRARY = "libc++";
				CLANG_ENABLE_MODULES = YES;
				CLANG_ENABLE_OBJC_ARC = YES;
				CLANG_ENABLE_OBJC_WEAK = YES;
				CLANG_WARN_BLOCK_CAPTURE_AUTORELEASING = YES;
				CLANG_WARN_BOOL_CONVERSION = YES;
				CLANG_WARN_COMMA = YES;
				CLANG_WARN_CONSTANT_CONVERSION = YES;
				CLANG_WARN_DEPRECATED_OBJC_IMPLEMENTATIONS = YES;
				CLANG_WARN_DIRECT_OBJC_ISA_USAGE = YES_ERROR;
				CLANG_WARN_DOCUMENTATION_COMMENTS = YES;
				CLANG_WARN_EMPTY_BODY = YES;
				CLANG_WARN_ENUM_CONVERSION = YES;
				CLANG_WARN_INFINITE_RECURSION = YES;
				CLANG_WARN_INT_CONVERSION = YES;
				CLANG_WARN_NON_LITERAL_NULL_CONVERSION = YES;
				CLANG_WARN_OBJC_IMPLICIT_RETAIN_SELF = YES;
				CLANG_WARN_OBJC_LITERAL_CONVERSION = YES;
				CLANG_WARN_OBJC_ROOT_CLASS = YES_ERROR;
				CLANG_WARN_QUOTED_INCLUDE_IN_FRAMEWORK_HEADER = YES;
				CLANG_WARN_RANGE_LOOP_ANALYSIS = YES;
				CLANG_WARN_STRICT_PROTOTYPES = YES;
				CLANG_WARN_SUSPICIOUS_MOVE = YES;
				CLANG_WARN_UNGUARDED_AVAILABILITY = YES_AGGRESSIVE;
				CLANG_WARN_UNREACHABLE_CODE = YES;
				CLANG_WARN__DUPLICATE_METHOD_MATCH = YES;
				COPY_PHASE_STRIP = NO;
				DEBUG_INFORMATION_FORMAT = "dwarf-with-dsym";
				ENABLE_NS_ASSERTIONS = NO;
				ENABLE_STRICT_OBJC_MSGSEND = YES;
				GCC_C_LANGUAGE_STANDARD = gnu11;
				GCC_NO_COMMON_BLOCKS = YES;
				GCC_WARN_64_TO_32_BIT_CONVERSION = YES;
				GCC_WARN_ABOUT_RETURN_TYPE = YES_ERROR;
				GCC_WARN_UNDECLARED_SELECTOR = YES;
				GCC_WARN_UNINITIALIZED_AUTOS = YES_AGGRESSIVE;
				GCC_WARN_UNUSED_FUNCTION = YES;
				GCC_WARN_UNUSED_VARIABLE = YES;
				IPHONEOS_DEPLOYMENT_TARGET = 14.2;
				MTL_ENABLE_DEBUG_INFO = NO;
				MTL_FAST_MATH = YES;
				SDKROOT = iphoneos;
				SWIFT_COMPILATION_MODE = wholemodule;
				SWIFT_OPTIMIZATION_LEVEL = "-O";
				VALIDATE_PRODUCT = YES;
			};
			name = Release;
		};
		061A8D5F256E2FC9008BFC49 /* Debug */ = {
			isa = XCBuildConfiguration;
			buildSettings = {
				ASSETCATALOG_COMPILER_APPICON_NAME = AppIcon;
				ASSETCATALOG_COMPILER_GLOBAL_ACCENT_COLOR_NAME = AccentColor;
				CODE_SIGN_STYLE = Automatic;
				INFOPLIST_FILE = tip/Info.plist;
				LD_RUNPATH_SEARCH_PATHS = (
					"$(inherited)",
					"@executable_path/Frameworks",
				);
				PRODUCT_BUNDLE_IDENTIFIER = codepath.tip;
				PRODUCT_NAME = "$(TARGET_NAME)";
				SWIFT_VERSION = 5.0;
				TARGETED_DEVICE_FAMILY = "1,2";
			};
			name = Debug;
		};
		061A8D60256E2FC9008BFC49 /* Release */ = {
			isa = XCBuildConfiguration;
			buildSettings = {
				ASSETCATALOG_COMPILER_APPICON_NAME = AppIcon;
				ASSETCATALOG_COMPILER_GLOBAL_ACCENT_COLOR_NAME = AccentColor;
				CODE_SIGN_STYLE = Automatic;
				INFOPLIST_FILE = tip/Info.plist;
				LD_RUNPATH_SEARCH_PATHS = (
					"$(inherited)",
					"@executable_path/Frameworks",
				);
				PRODUCT_BUNDLE_IDENTIFIER = codepath.tip;
				PRODUCT_NAME = "$(TARGET_NAME)";
				SWIFT_VERSION = 5.0;
				TARGETED_DEVICE_FAMILY = "1,2";
			};
			name = Release;
		};
		061A8D62256E2FC9008BFC49 /* Debug */ = {
			isa = XCBuildConfiguration;
			buildSettings = {
				ALWAYS_EMBED_SWIFT_STANDARD_LIBRARIES = YES;
				BUNDLE_LOADER = "$(TEST_HOST)";
				CODE_SIGN_STYLE = Automatic;
				INFOPLIST_FILE = tipTests/Info.plist;
				IPHONEOS_DEPLOYMENT_TARGET = 14.2;
				LD_RUNPATH_SEARCH_PATHS = (
					"$(inherited)",
					"@executable_path/Frameworks",
					"@loader_path/Frameworks",
				);
				PRODUCT_BUNDLE_IDENTIFIER = codepath.tipTests;
				PRODUCT_NAME = "$(TARGET_NAME)";
				SWIFT_VERSION = 5.0;
				TARGETED_DEVICE_FAMILY = "1,2";
				TEST_HOST = "$(BUILT_PRODUCTS_DIR)/tip.app/tip";
			};
			name = Debug;
		};
		061A8D63256E2FC9008BFC49 /* Release */ = {
			isa = XCBuildConfiguration;
			buildSettings = {
				ALWAYS_EMBED_SWIFT_STANDARD_LIBRARIES = YES;
				BUNDLE_LOADER = "$(TEST_HOST)";
				CODE_SIGN_STYLE = Automatic;
				INFOPLIST_FILE = tipTests/Info.plist;
				IPHONEOS_DEPLOYMENT_TARGET = 14.2;
				LD_RUNPATH_SEARCH_PATHS = (
					"$(inherited)",
					"@executable_path/Frameworks",
					"@loader_path/Frameworks",
				);
				PRODUCT_BUNDLE_IDENTIFIER = codepath.tipTests;
				PRODUCT_NAME = "$(TARGET_NAME)";
				SWIFT_VERSION = 5.0;
				TARGETED_DEVICE_FAMILY = "1,2";
				TEST_HOST = "$(BUILT_PRODUCTS_DIR)/tip.app/tip";
			};
			name = Release;
		};
		061A8D65256E2FC9008BFC49 /* Debug */ = {
			isa = XCBuildConfiguration;
			buildSettings = {
				ALWAYS_EMBED_SWIFT_STANDARD_LIBRARIES = YES;
				CODE_SIGN_STYLE = Automatic;
				INFOPLIST_FILE = tipUITests/Info.plist;
				LD_RUNPATH_SEARCH_PATHS = (
					"$(inherited)",
					"@executable_path/Frameworks",
					"@loader_path/Frameworks",
				);
				PRODUCT_BUNDLE_IDENTIFIER = codepath.tipUITests;
				PRODUCT_NAME = "$(TARGET_NAME)";
				SWIFT_VERSION = 5.0;
				TARGETED_DEVICE_FAMILY = "1,2";
				TEST_TARGET_NAME = tip;
			};
			name = Debug;
		};
		061A8D66256E2FC9008BFC49 /* Release */ = {
			isa = XCBuildConfiguration;
			buildSettings = {
				ALWAYS_EMBED_SWIFT_STANDARD_LIBRARIES = YES;
				CODE_SIGN_STYLE = Automatic;
				INFOPLIST_FILE = tipUITests/Info.plist;
				LD_RUNPATH_SEARCH_PATHS = (
					"$(inherited)",
					"@executable_path/Frameworks",
					"@loader_path/Frameworks",
				);
				PRODUCT_BUNDLE_IDENTIFIER = codepath.tipUITests;
				PRODUCT_NAME = "$(TARGET_NAME)";
				SWIFT_VERSION = 5.0;
				TARGETED_DEVICE_FAMILY = "1,2";
				TEST_TARGET_NAME = tip;
			};
			name = Release;
		};
/* End XCBuildConfiguration section */

/* Begin XCConfigurationList section */
		061A8D2F256E2FC7008BFC49 /* Build configuration list for PBXProject "tip" */ = {
			isa = XCConfigurationList;
			buildConfigurations = (
				061A8D5C256E2FC9008BFC49 /* Debug */,
				061A8D5D256E2FC9008BFC49 /* Release */,
			);
			defaultConfigurationIsVisible = 0;
			defaultConfigurationName = Release;
		};
		061A8D5E256E2FC9008BFC49 /* Build configuration list for PBXNativeTarget "tip" */ = {
			isa = XCConfigurationList;
			buildConfigurations = (
				061A8D5F256E2FC9008BFC49 /* Debug */,
				061A8D60256E2FC9008BFC49 /* Release */,
			);
			defaultConfigurationIsVisible = 0;
			defaultConfigurationName = Release;
		};
		061A8D61256E2FC9008BFC49 /* Build configuration list for PBXNativeTarget "tipTests" */ = {
			isa = XCConfigurationList;
			buildConfigurations = (
				061A8D62256E2FC9008BFC49 /* Debug */,
				061A8D63256E2FC9008BFC49 /* Release */,
			);
			defaultConfigurationIsVisible = 0;
			defaultConfigurationName = Release;
		};
		061A8D64256E2FC9008BFC49 /* Build configuration list for PBXNativeTarget "tipUITests" */ = {
			isa = XCConfigurationList;
			buildConfigurations = (
				061A8D65256E2FC9008BFC49 /* Debug */,
				061A8D66256E2FC9008BFC49 /* Release */,
			);
			defaultConfigurationIsVisible = 0;
			defaultConfigurationName = Release;
		};
/* End XCConfigurationList section */
	};
	rootObject = 061A8D2C256E2FC7008BFC49 /* Project object */;
}
